
Microsoft Visual Studio Solution File, Format Version 12.00
# Visual Studio Version 17
VisualStudioVersion = 17.6.33829.357
MinimumVisualStudioVersion = 10.0.40219.1
Project("{FAE04EC0-301F-11D3-BF4B-00C04F79EFBC}") = "AtOYoungSkins", "AtOYoungSkins.csproj", "{7D45E990-F707-4E6D-8261-B1CFFEBDD0D1}"
EndProject
Global
	GlobalSection(SolutionConfigurationPlatforms) = preSolution
		Debug|Any CPU = Debug|Any CPU
		Release|Any CPU = Release|Any CPU
	EndGlobalSection
	GlobalSection(ProjectConfigurationPlatforms) = postSolution
		{7D45E990-F707-4E6D-8261-B1CFFEBDD0D1}.Debug|Any CPU.ActiveCfg = Debug|Any CPU
		{7D45E990-F707-4E6D-8261-B1CFFEBDD0D1}.Debug|Any CPU.Build.0 = Debug|Any CPU
		{7D45E990-F707-4E6D-8261-B1CFFEBDD0D1}.Release|Any CPU.ActiveCfg = Release|Any CPU
		{7D45E990-F707-4E6D-8261-B1CFFEBDD0D1}.Release|Any CPU.Build.0 = Release|Any CPU
	EndGlobalSection
	GlobalSection(SolutionProperties) = preSolution
		HideSolutionNode = FALSE
	EndGlobalSection
	GlobalSection(ExtensibilityGlobals) = postSolution
		SolutionGuid = {239BCF27-3302-41B0-ADDA-47A5FEF13BDE}
	EndGlobalSection
EndGlobal
